// !$*UTF8*$!
{
	archiveVersion = 1;
	classes = {
	};
	objectVersion = 56;
	objects = {

/* Begin PBXBuildFile section */
		C5F478BD2D5B8C2800128B8F /* Desafio07App.swift in Sources */ = {isa = PBXBuildFile; fileRef = C5F478BC2D5B8C2800128B8F /* Desafio07App.swift */; };
		C5F478BF2D5B8C2800128B8F /* ContentView.swift in Sources */ = {isa = PBXBuildFile; fileRef = C5F478BE2D5B8C2800128B8F /* ContentView.swift */; };
		C5F478C12D5B8C2A00128B8F /* Assets.xcassets in Resources */ = {isa = PBXBuildFile; fileRef = C5F478C02D5B8C2A00128B8F /* Assets.xcassets */; };
		C5F478C42D5B8C2A00128B8F /* Preview Assets.xcassets in Resources */ = {isa = PBXBuildFile; fileRef = C5F478C32D5B8C2A00128B8F /* Preview Assets.xcassets */; };
		C5F478D32D5B917100128B8F /* PrimeiraView.swift in Sources */ = {isa = PBXBuildFile; fileRef = C5F478D22D5B917100128B8F /* PrimeiraView.swift */; };
		C5F478D52D5B92F600128B8F /* SegundaView.swift in Sources */ = {isa = PBXBuildFile; fileRef = C5F478D42D5B92F600128B8F /* SegundaView.swift */; };
		C5F478D82D5B930D00128B8F /* TerceiraView.swift in Sources */ = {isa = PBXBuildFile; fileRef = C5F478D72D5B930D00128B8F /* TerceiraView.swift */; };
		C5F478DA2D5B93CF00128B8F /* SheetView.swift in Sources */ = {isa = PBXBuildFile; fileRef = C5F478D92D5B93CF00128B8F /* SheetView.swift */; };
/* End PBXBuildFile section */

/* Begin PBXFileReference section */
		C5F478B92D5B8C2800128B8F /* Desafio07.app */ = {isa = PBXFileReference; explicitFileType = wrapper.application; includeInIndex = 0; path = Desafio07.app; sourceTree = BUILT_PRODUCTS_DIR; };
		C5F478BC2D5B8C2800128B8F /* Desafio07App.swift */ = {isa = PBXFileReference; lastKnownFileType = sourcecode.swift; path = Desafio07App.swift; sourceTree = "<group>"; };
		C5F478BE2D5B8C2800128B8F /* ContentView.swift */ = {isa = PBXFileReference; lastKnownFileType = sourcecode.swift; path = ContentView.swift; sourceTree = "<group>"; };
		C5F478C02D5B8C2A00128B8F /* Assets.xcassets */ = {isa = PBXFileReference; lastKnownFileType = folder.assetcatalog; path = Assets.xcassets; sourceTree = "<group>"; };
		C5F478C32D5B8C2A00128B8F /* Preview Assets.xcassets */ = {isa = PBXFileReference; lastKnownFileType = folder.assetcatalog; path = "Preview Assets.xcassets"; sourceTree = "<group>"; };
		C5F478D22D5B917100128B8F /* PrimeiraView.swift */ = {isa = PBXFileReference; lastKnownFileType = sourcecode.swift; path = PrimeiraView.swift; sourceTree = "<group>"; };
		C5F478D42D5B92F600128B8F /* SegundaView.swift */ = {isa = PBXFileReference; lastKnownFileType = sourcecode.swift; path = SegundaView.swift; sourceTree = "<group>"; };
		C5F478D72D5B930D00128B8F /* TerceiraView.swift */ = {isa = PBXFileReference; lastKnownFileType = sourcecode.swift; path = TerceiraView.swift; sourceTree = "<group>"; };
		C5F478D92D5B93CF00128B8F /* SheetView.swift */ = {isa = PBXFileReference; lastKnownFileType = sourcecode.swift; path = SheetView.swift; sourceTree = "<group>"; };
/* End PBXFileReference section */

/* Begin PBXFrameworksBuildPhase section */
		C5F478B62D5B8C2800128B8F /* Frameworks */ = {
			isa = PBXFrameworksBuildPhase;
			buildActionMask = 2147483647;
			files = (
			);
			runOnlyForDeploymentPostprocessing = 0;
		};
/* End PBXFrameworksBuildPhase section */

/* Begin PBXGroup section */
		C5F478B02D5B8C2800128B8F = {
			isa = PBXGroup;
			children = (
				C5F478BB2D5B8C2800128B8F /* Desafio07 */,
				C5F478BA2D5B8C2800128B8F /* Products */,
			);
			sourceTree = "<group>";
		};
		C5F478BA2D5B8C2800128B8F /* Products */ = {
			isa = PBXGroup;
			children = (
				C5F478B92D5B8C2800128B8F /* Desafio07.app */,
			);
			name = Products;
			sourceTree = "<group>";
		};
		C5F478BB2D5B8C2800128B8F /* Desafio07 */ = {
			isa = PBXGroup;
			children = (
				C5F478D62D5B92FA00128B8F /* New Group */,
				C5F478BC2D5B8C2800128B8F /* Desafio07App.swift */,
				C5F478BE2D5B8C2800128B8F /* ContentView.swift */,
				C5F478C02D5B8C2A00128B8F /* Assets.xcassets */,
				C5F478C22D5B8C2A00128B8F /* Preview Content */,
				C5F478D22D5B917100128B8F /* PrimeiraView.swift */,
				C5F478D42D5B92F600128B8F /* SegundaView.swift */,
				C5F478D72D5B930D00128B8F /* TerceiraView.swift */,
				C5F478D92D5B93CF00128B8F /* SheetView.swift */,
			);
			path = Desafio07;
			sourceTree = "<group>";
		};
		C5F478C22D5B8C2A00128B8F /* Preview Content */ = {
			isa = PBXGroup;
			children = (
				C5F478C32D5B8C2A00128B8F /* Preview Assets.xcassets */,
			);
			path = "Preview Content";
			sourceTree = "<group>";
		};
		C5F478D62D5B92FA00128B8F /* New Group */ = {
			isa = PBXGroup;
			children = (
			);
			path = "New Group";
			sourceTree = "<group>";
		};
/* End PBXGroup section */

/* Begin PBXNativeTarget section */
		C5F478B82D5B8C2800128B8F /* Desafio07 */ = {
			isa = PBXNativeTarget;
			buildConfigurationList = C5F478C72D5B8C2A00128B8F /* Build configuration list for PBXNativeTarget "Desafio07" */;
			buildPhases = (
				C5F478B52D5B8C2800128B8F /* Sources */,
				C5F478B62D5B8C2800128B8F /* Frameworks */,
				C5F478B72D5B8C2800128B8F /* Resources */,
			);
			buildRules = (
			);
			dependencies = (
			);
			name = Desafio07;
			productName = Desafio07;
			productReference = C5F478B92D5B8C2800128B8F /* Desafio07.app */;
			productType = "com.apple.product-type.application";
		};
/* End PBXNativeTarget section */

/* Begin PBXProject section */
		C5F478B12D5B8C2800128B8F /* Project object */ = {
			isa = PBXProject;
			attributes = {
				BuildIndependentTargetsInParallel = 1;
				LastSwiftUpdateCheck = 1520;
				LastUpgradeCheck = 1520;
				TargetAttributes = {
					C5F478B82D5B8C2800128B8F = {
						CreatedOnToolsVersion = 15.2;
					};
				};
			};
			buildConfigurationList = C5F478B42D5B8C2800128B8F /* Build configuration list for PBXProject "Desafio07" */;
			compatibilityVersion = "Xcode 14.0";
			developmentRegion = en;
			hasScannedForEncodings = 0;
			knownRegions = (
				en,
				Base,
			);
			mainGroup = C5F478B02D5B8C2800128B8F;
			productRefGroup = C5F478BA2D5B8C2800128B8F /* Products */;
			projectDirPath = "";
			projectRoot = "";
			targets = (
				C5F478B82D5B8C2800128B8F /* Desafio07 */,
			);
		};
/* End PBXProject section */

/* Begin PBXResourcesBuildPhase section */
		C5F478B72D5B8C2800128B8F /* Resources */ = {
			isa = PBXResourcesBuildPhase;
			buildActionMask = 2147483647;
			files = (
				C5F478C42D5B8C2A00128B8F /* Preview Assets.xcassets in Resources */,
				C5F478C12D5B8C2A00128B8F /* Assets.xcassets in Resources */,
			);
			runOnlyForDeploymentPostprocessing = 0;
		};
/* End PBXResourcesBuildPhase section */

/* Begin PBXSourcesBuildPhase section */
		C5F478B52D5B8C2800128B8F /* Sources */ = {
			isa = PBXSourcesBuildPhase;
			buildActionMask = 2147483647;
			files = (
				C5F478D32D5B917100128B8F /* PrimeiraView.swift in Sources */,
				C5F478BF2D5B8C2800128B8F /* ContentView.swift in Sources */,
				C5F478D82D5B930D00128B8F /* TerceiraView.swift in Sources */,
				C5F478D52D5B92F600128B8F /* SegundaView.swift in Sources */,
				C5F478DA2D5B93CF00128B8F /* SheetView.swift in Sources */,
				C5F478BD2D5B8C2800128B8F /* Desafio07App.swift in Sources */,
			);
			runOnlyForDeploymentPostprocessing = 0;
		};
/* End PBXSourcesBuildPhase section */

/* Begin XCBuildConfiguration section */
		C5F478C52D5B8C2A00128B8F /* Debug */ = {
			isa = XCBuildConfiguration;
			buildSettings = {
				ALWAYS_SEARCH_USER_PATHS = NO;
				ASSETCATALOG_COMPILER_GENERATE_SWIFT_ASSET_SYMBOL_EXTENSIONS = YES;
				CLANG_ANALYZER_NONNULL = YES;
				CLANG_ANALYZER_NUMBER_OBJECT_CONVERSION = YES_AGGRESSIVE;
				CLANG_CXX_LANGUAGE_STANDARD = "gnu++20";
				CLANG_ENABLE_MODULES = YES;
				CLANG_ENABLE_OBJC_ARC = YES;
				CLANG_ENABLE_OBJC_WEAK = YES;
				CLANG_WARN_BLOCK_CAPTURE_AUTORELEASING = YES;
				CLANG_WARN_BOOL_CONVERSION = YES;
				CLANG_WARN_COMMA = YES;
				CLANG_WARN_CONSTANT_CONVERSION = YES;
				CLANG_WARN_DEPRECATED_OBJC_IMPLEMENTATIONS = YES;
				CLANG_WARN_DIRECT_OBJC_ISA_USAGE = YES_ERROR;
				CLANG_WARN_DOCUMENTATION_COMMENTS = YES;
				CLANG_WARN_EMPTY_BODY = YES;
				CLANG_WARN_ENUM_CONVERSION = YES;
				CLANG_WARN_INFINITE_RECURSION = YES;
				CLANG_WARN_INT_CONVERSION = YES;
				CLANG_WARN_NON_LITERAL_NULL_CONVERSION = YES;
				CLANG_WARN_OBJC_IMPLICIT_RETAIN_SELF = YES;
				CLANG_WARN_OBJC_LITERAL_CONVERSION = YES;
				CLANG_WARN_OBJC_ROOT_CLASS = YES_ERROR;
				CLANG_WARN_QUOTED_INCLUDE_IN_FRAMEWORK_HEADER = YES;
				CLANG_WARN_RANGE_LOOP_ANALYSIS = YES;
				CLANG_WARN_STRICT_PROTOTYPES = YES;
				CLANG_WARN_SUSPICIOUS_MOVE = YES;
				CLANG_WARN_UNGUARDED_AVAILABILITY = YES_AGGRESSIVE;
				CLANG_WARN_UNREACHABLE_CODE = YES;
				CLANG_WARN__DUPLICATE_METHOD_MATCH = YES;
				COPY_PHASE_STRIP = NO;
				DEBUG_INFORMATION_FORMAT = dwarf;
				ENABLE_STRICT_OBJC_MSGSEND = YES;
				ENABLE_TESTABILITY = YES;
				ENABLE_USER_SCRIPT_SANDBOXING = YES;
				GCC_C_LANGUAGE_STANDARD = gnu17;
				GCC_DYNAMIC_NO_PIC = NO;
				GCC_NO_COMMON_BLOCKS = YES;
				GCC_OPTIMIZATION_LEVEL = 0;
				GCC_PREPROCESSOR_DEFINITIONS = (
					"DEBUG=1",
					"$(inherited)",
				);
				GCC_WARN_64_TO_32_BIT_CONVERSION = YES;
				GCC_WARN_ABOUT_RETURN_TYPE = YES_ERROR;
				GCC_WARN_UNDECLARED_SELECTOR = YES;
				GCC_WARN_UNINITIALIZED_AUTOS = YES_AGGRESSIVE;
				GCC_WARN_UNUSED_FUNCTION = YES;
				GCC_WARN_UNUSED_VARIABLE = YES;
				IPHONEOS_DEPLOYMENT_TARGET = 17.2;
				LOCALIZATION_PREFERS_STRING_CATALOGS = YES;
				MTL_ENABLE_DEBUG_INFO = INCLUDE_SOURCE;
				MTL_FAST_MATH = YES;
				ONLY_ACTIVE_ARCH = YES;
				SDKROOT = iphoneos;
				SWIFT_ACTIVE_COMPILATION_CONDITIONS = "DEBUG $(inherited)";
				SWIFT_OPTIMIZATION_LEVEL = "-Onone";
			};
			name = Debug;
		};
		C5F478C62D5B8C2A00128B8F /* Release */ = {
			isa = XCBuildConfiguration;
			buildSettings = {
				ALWAYS_SEARCH_USER_PATHS = NO;
				ASSETCATALOG_COMPILER_GENERATE_SWIFT_ASSET_SYMBOL_EXTENSIONS = YES;
				CLANG_ANALYZER_NONNULL = YES;
				CLANG_ANALYZER_NUMBER_OBJECT_CONVERSION = YES_AGGRESSIVE;
				CLANG_CXX_LANGUAGE_STANDARD = "gnu++20";
				CLANG_ENABLE_MODULES = YES;
				CLANG_ENABLE_OBJC_ARC = YES;
				CLANG_ENABLE_OBJC_WEAK = YES;
				CLANG_WARN_BLOCK_CAPTURE_AUTORELEASING = YES;
				CLANG_WARN_BOOL_CONVERSION = YES;
				CLANG_WARN_COMMA = YES;
				CLANG_WARN_CONSTANT_CONVERSION = YES;
				CLANG_WARN_DEPRECATED_OBJC_IMPLEMENTATIONS = YES;
				CLANG_WARN_DIRECT_OBJC_ISA_USAGE = YES_ERROR;
				CLANG_WARN_DOCUMENTATION_COMMENTS = YES;
				CLANG_WARN_EMPTY_BODY = YES;
				CLANG_WARN_ENUM_CONVERSION = YES;
				CLANG_WARN_INFINITE_RECURSION = YES;
				CLANG_WARN_INT_CONVERSION = YES;
				CLANG_WARN_NON_LITERAL_NULL_CONVERSION = YES;
				CLANG_WARN_OBJC_IMPLICIT_RETAIN_SELF = YES;
				CLANG_WARN_OBJC_LITERAL_CONVERSION = YES;
				CLANG_WARN_OBJC_ROOT_CLASS = YES_ERROR;
				CLANG_WARN_QUOTED_INCLUDE_IN_FRAMEWORK_HEADER = YES;
				CLANG_WARN_RANGE_LOOP_ANALYSIS = YES;
				CLANG_WARN_STRICT_PROTOTYPES = YES;
				CLANG_WARN_SUSPICIOUS_MOVE = YES;
				CLANG_WARN_UNGUARDED_AVAILABILITY = YES_AGGRESSIVE;
				CLANG_WARN_UNREACHABLE_CODE = YES;
				CLANG_WARN__DUPLICATE_METHOD_MATCH = YES;
				COPY_PHASE_STRIP = NO;
				DEBUG_INFORMATION_FORMAT = "dwarf-with-dsym";
				ENABLE_NS_ASSERTIONS = NO;
				ENABLE_STRICT_OBJC_MSGSEND = YES;
				ENABLE_USER_SCRIPT_SANDBOXING = YES;
				GCC_C_LANGUAGE_STANDARD = gnu17;
				GCC_NO_COMMON_BLOCKS = YES;
				GCC_WARN_64_TO_32_BIT_CONVERSION = YES;
				GCC_WARN_ABOUT_RETURN_TYPE = YES_ERROR;
				GCC_WARN_UNDECLARED_SELECTOR = YES;
				GCC_WARN_UNINITIALIZED_AUTOS = YES_AGGRESSIVE;
				GCC_WARN_UNUSED_FUNCTION = YES;
				GCC_WARN_UNUSED_VARIABLE = YES;
				IPHONEOS_DEPLOYMENT_TARGET = 17.2;
				LOCALIZATION_PREFERS_STRING_CATALOGS = YES;
				MTL_ENABLE_DEBUG_INFO = NO;
				MTL_FAST_MATH = YES;
				SDKROOT = iphoneos;
				SWIFT_COMPILATION_MODE = wholemodule;
				VALIDATE_PRODUCT = YES;
			};
			name = Release;
		};
		C5F478C82D5B8C2A00128B8F /* Debug */ = {
			isa = XCBuildConfiguration;
			buildSettings = {
				ASSETCATALOG_COMPILER_APPICON_NAME = AppIcon;
				ASSETCATALOG_COMPILER_GLOBAL_ACCENT_COLOR_NAME = AccentColor;
				CODE_SIGN_STYLE = Automatic;
				CURRENT_PROJECT_VERSION = 1;
				DEVELOPMENT_ASSET_PATHS = "\"Desafio07/Preview Content\"";
				ENABLE_PREVIEWS = YES;
				GENERATE_INFOPLIST_FILE = YES;
				INFOPLIST_KEY_UIApplicationSceneManifest_Generation = YES;
				INFOPLIST_KEY_UIApplicationSupportsIndirectInputEvents = YES;
				INFOPLIST_KEY_UILaunchScreen_Generation = YES;
				INFOPLIST_KEY_UISupportedInterfaceOrientations_iPad = "UIInterfaceOrientationPortrait UIInterfaceOrientationPortraitUpsideDown UIInterfaceOrientationLandscapeLeft UIInterfaceOrientationLandscapeRight";
				INFOPLIST_KEY_UISupportedInterfaceOrientations_iPhone = "UIInterfaceOrientationPortrait UIInterfaceOrientationLandscapeLeft UIInterfaceOrientationLandscapeRight";
				LD_RUNPATH_SEARCH_PATHS = (
					"$(inherited)",
					"@executable_path/Frameworks",
				);
				MARKETING_VERSION = 1.0;
				PRODUCT_BUNDLE_IDENTIFIER = com.economeasy.Desafio07;
				PRODUCT_NAME = "$(TARGET_NAME)";
				SWIFT_EMIT_LOC_STRINGS = YES;
				SWIFT_VERSION = 5.0;
				TARGETED_DEVICE_FAMILY = "1,2";
			};
			name = Debug;
		};
		C5F478C92D5B8C2A00128B8F /* Release */ = {
			isa = XCBuildConfiguration;
			buildSettings = {
				ASSETCATALOG_COMPILER_APPICON_NAME = AppIcon;
				ASSETCATALOG_COMPILER_GLOBAL_ACCENT_COLOR_NAME = AccentColor;
				CODE_SIGN_STYLE = Automatic;
				CURRENT_PROJECT_VERSION = 1;
				DEVELOPMENT_ASSET_PATHS = "\"Desafio07/Preview Content\"";
				ENABLE_PREVIEWS = YES;
				GENERATE_INFOPLIST_FILE = YES;
				INFOPLIST_KEY_UIApplicationSceneManifest_Generation = YES;
				INFOPLIST_KEY_UIApplicationSupportsIndirectInputEvents = YES;
				INFOPLIST_KEY_UILaunchScreen_Generation = YES;
				INFOPLIST_KEY_UISupportedInterfaceOrientations_iPad = "UIInterfaceOrientationPortrait UIInterfaceOrientationPortraitUpsideDown UIInterfaceOrientationLandscapeLeft UIInterfaceOrientationLandscapeRight";
				INFOPLIST_KEY_UISupportedInterfaceOrientations_iPhone = "UIInterfaceOrientationPortrait UIInterfaceOrientationLandscapeLeft UIInterfaceOrientationLandscapeRight";
				LD_RUNPATH_SEARCH_PATHS = (
					"$(inherited)",
					"@executable_path/Frameworks",
				);
				MARKETING_VERSION = 1.0;
				PRODUCT_BUNDLE_IDENTIFIER = com.economeasy.Desafio07;
				PRODUCT_NAME = "$(TARGET_NAME)";
				SWIFT_EMIT_LOC_STRINGS = YES;
				SWIFT_VERSION = 5.0;
				TARGETED_DEVICE_FAMILY = "1,2";
			};
			name = Release;
		};
/* End XCBuildConfiguration section */

/* Begin XCConfigurationList section */
		C5F478B42D5B8C2800128B8F /* Build configuration list for PBXProject "Desafio07" */ = {
			isa = XCConfigurationList;
			buildConfigurations = (
				C5F478C52D5B8C2A00128B8F /* Debug */,
				C5F478C62D5B8C2A00128B8F /* Release */,
			);
			defaultConfigurationIsVisible = 0;
			defaultConfigurationName = Release;
		};
		C5F478C72D5B8C2A00128B8F /* Build configuration list for PBXNativeTarget "Desafio07" */ = {
			isa = XCConfigurationList;
			buildConfigurations = (
				C5F478C82D5B8C2A00128B8F /* Debug */,
				C5F478C92D5B8C2A00128B8F /* Release */,
			);
			defaultConfigurationIsVisible = 0;
			defaultConfigurationName = Release;
		};
/* End XCConfigurationList section */
	};
	rootObject = C5F478B12D5B8C2800128B8F /* Project object */;
}
